
Microsoft Visual Studio Solution File, Format Version 12.00
# Visual Studio Version 17
VisualStudioVersion = 17.1.32407.343
MinimumVisualStudioVersion = 10.0.40219.1
Project("{2150E333-8FDC-42A3-9474-1A3956D46DE8}") = "src", "src", "{FCAF1836-5280-4C14-A30F-B99F8DB99CE2}"
EndProject
Project("{2150E333-8FDC-42A3-9474-1A3956D46DE8}") = "Api", "Api", "{0D9471B1-B246-45EB-BA6A-42E0E17C7E7E}"
EndProject
Project("{2150E333-8FDC-42A3-9474-1A3956D46DE8}") = "Clients", "Clients", "{5F1143F2-3B84-4610-AF6F-C3AA3AA6C16F}"
EndProject
Project("{2150E333-8FDC-42A3-9474-1A3956D46DE8}") = "Common", "Common", "{730703B3-CA9B-4E03-AB9E-2AD7BCAF11FE}"
EndProject
Project("{2150E333-8FDC-42A3-9474-1A3956D46DE8}") = "Projections", "Projections", "{8B4FD961-B2B2-45C7-9586-E6064E441ACD}"
EndProject
Project("{2150E333-8FDC-42A3-9474-1A3956D46DE8}") = "Core", "Core", "{DCD1360C-F991-4686-AD95-920126D09903}"
EndProject
Project("{2150E333-8FDC-42A3-9474-1A3956D46DE8}") = "Infrastructure", "Infrastructure", "{4C721A12-EC4C-4888-AA87-8AF07CF7D749}"
EndProject
Project("{2150E333-8FDC-42A3-9474-1A3956D46DE8}") = "WebApi", "WebApi", "{F95BF745-78F7-4B7D-8013-0A244766D4D6}"
EndProject
Project("{2150E333-8FDC-42A3-9474-1A3956D46DE8}") = "BlazorWeb", "BlazorWeb", "{D4FBCEE9-18C4-414B-B0F0-FCA240EBFA21}"
EndProject
Project("{9A19103F-16F7-4668-BE54-9A1E7A4F7556}") = "BlazorDictionary.Common", "src\Common\BlazorDictionary.Common\BlazorDictionary.Common.csproj", "{5AAE193D-1B86-4606-9E3E-9055BF91C91A}"
EndProject
Project("{9A19103F-16F7-4668-BE54-9A1E7A4F7556}") = "BlazorDictionary.Api.Domain", "src\Api\Core\BlazorDictionary.Api.Domain\BlazorDictionary.Api.Domain.csproj", "{50C57FE5-9D63-4D79-968F-274B3943BDCF}"
EndProject
Project("{9A19103F-16F7-4668-BE54-9A1E7A4F7556}") = "BlazorDictionary.Api.Application", "src\Api\Core\BlazorDictionary.Api.Application\BlazorDictionary.Api.Application.csproj", "{0FB27CF0-23E8-45F8-BAC9-9EA71EDFCC5A}"
EndProject
Project("{9A19103F-16F7-4668-BE54-9A1E7A4F7556}") = "BlazorDictionary.Infrastructure.Persistence", "src\Api\Infrastructure\BlazorDictionary.Infrastructure.Persistence\BlazorDictionary.Infrastructure.Persistence.csproj", "{D89D2A6C-4D49-4BCE-9FA9-582AB0E53359}"
EndProject
Project("{9A19103F-16F7-4668-BE54-9A1E7A4F7556}") = "BlazorDictionary.Api.WebApi", "src\Api\WebApi\BlazorDictionary.Api.WebApi\BlazorDictionary.Api.WebApi.csproj", "{5C479A7F-45D3-4339-B12A-06D36B4841D0}"
EndProject
Project("{9A19103F-16F7-4668-BE54-9A1E7A4F7556}") = "BlazorDictionary.Projections.FavoriteService", "src\Projections\BlazorDictionary.Projections.FavoriteService\BlazorDictionary.Projections.FavoriteService.csproj", "{03BCB9DF-78F3-44E2-AB8B-5177CFC771F0}"
EndProject
Project("{9A19103F-16F7-4668-BE54-9A1E7A4F7556}") = "BlazorDictionary.Projections.VoteService", "src\Projections\BlazorDictionary.Projections.VoteService\BlazorDictionary.Projections.VoteService.csproj", "{52F7DDDE-61F1-4D3C-9B62-0E37573E4571}"
EndProject
Project("{9A19103F-16F7-4668-BE54-9A1E7A4F7556}") = "BlazorDictionary.WebApp", "src\Clients\BlazorWeb\BlazorDictionary.WebApp\BlazorDictionary.WebApp.csproj", "{7B8D1A45-43B6-4E78-A086-F783185607F1}"
EndProject
Project("{9A19103F-16F7-4668-BE54-9A1E7A4F7556}") = "BlazorDictionary.Projections.UserService", "src\Projections\BlazorDictionary.Projections.UserService\BlazorDictionary.Projections.UserService.csproj", "{09F51E34-4605-4051-A129-9C835BB55A99}"
EndProject
Project("{2150E333-8FDC-42A3-9474-1A3956D46DE8}") = "Solution Items", "Solution Items", "{20A54AA5-C393-4A9F-B829-27E85E2C8CD0}"
	ProjectSection(SolutionItems) = preProject
		.editorconfig = .editorconfig
	EndProjectSection
EndProject
Global
	GlobalSection(SolutionConfigurationPlatforms) = preSolution
		Debug|Any CPU = Debug|Any CPU
		Release|Any CPU = Release|Any CPU
	EndGlobalSection
	GlobalSection(ProjectConfigurationPlatforms) = postSolution
		{5AAE193D-1B86-4606-9E3E-9055BF91C91A}.Debug|Any CPU.ActiveCfg = Debug|Any CPU
		{5AAE193D-1B86-4606-9E3E-9055BF91C91A}.Debug|Any CPU.Build.0 = Debug|Any CPU
		{5AAE193D-1B86-4606-9E3E-9055BF91C91A}.Release|Any CPU.ActiveCfg = Release|Any CPU
		{5AAE193D-1B86-4606-9E3E-9055BF91C91A}.Release|Any CPU.Build.0 = Release|Any CPU
		{50C57FE5-9D63-4D79-968F-274B3943BDCF}.Debug|Any CPU.ActiveCfg = Debug|Any CPU
		{50C57FE5-9D63-4D79-968F-274B3943BDCF}.Debug|Any CPU.Build.0 = Debug|Any CPU
		{50C57FE5-9D63-4D79-968F-274B3943BDCF}.Release|Any CPU.ActiveCfg = Release|Any CPU
		{50C57FE5-9D63-4D79-968F-274B3943BDCF}.Release|Any CPU.Build.0 = Release|Any CPU
		{0FB27CF0-23E8-45F8-BAC9-9EA71EDFCC5A}.Debug|Any CPU.ActiveCfg = Debug|Any CPU
		{0FB27CF0-23E8-45F8-BAC9-9EA71EDFCC5A}.Debug|Any CPU.Build.0 = Debug|Any CPU
		{0FB27CF0-23E8-45F8-BAC9-9EA71EDFCC5A}.Release|Any CPU.ActiveCfg = Release|Any CPU
		{0FB27CF0-23E8-45F8-BAC9-9EA71EDFCC5A}.Release|Any CPU.Build.0 = Release|Any CPU
		{D89D2A6C-4D49-4BCE-9FA9-582AB0E53359}.Debug|Any CPU.ActiveCfg = Debug|Any CPU
		{D89D2A6C-4D49-4BCE-9FA9-582AB0E53359}.Debug|Any CPU.Build.0 = Debug|Any CPU
		{D89D2A6C-4D49-4BCE-9FA9-582AB0E53359}.Release|Any CPU.ActiveCfg = Release|Any CPU
		{D89D2A6C-4D49-4BCE-9FA9-582AB0E53359}.Release|Any CPU.Build.0 = Release|Any CPU
		{5C479A7F-45D3-4339-B12A-06D36B4841D0}.Debug|Any CPU.ActiveCfg = Debug|Any CPU
		{5C479A7F-45D3-4339-B12A-06D36B4841D0}.Debug|Any CPU.Build.0 = Debug|Any CPU
		{5C479A7F-45D3-4339-B12A-06D36B4841D0}.Release|Any CPU.ActiveCfg = Release|Any CPU
		{5C479A7F-45D3-4339-B12A-06D36B4841D0}.Release|Any CPU.Build.0 = Release|Any CPU
		{03BCB9DF-78F3-44E2-AB8B-5177CFC771F0}.Debug|Any CPU.ActiveCfg = Debug|Any CPU
		{03BCB9DF-78F3-44E2-AB8B-5177CFC771F0}.Debug|Any CPU.Build.0 = Debug|Any CPU
		{03BCB9DF-78F3-44E2-AB8B-5177CFC771F0}.Release|Any CPU.ActiveCfg = Release|Any CPU
		{03BCB9DF-78F3-44E2-AB8B-5177CFC771F0}.Release|Any CPU.Build.0 = Release|Any CPU
		{52F7DDDE-61F1-4D3C-9B62-0E37573E4571}.Debug|Any CPU.ActiveCfg = Debug|Any CPU
		{52F7DDDE-61F1-4D3C-9B62-0E37573E4571}.Debug|Any CPU.Build.0 = Debug|Any CPU
		{52F7DDDE-61F1-4D3C-9B62-0E37573E4571}.Release|Any CPU.ActiveCfg = Release|Any CPU
		{52F7DDDE-61F1-4D3C-9B62-0E37573E4571}.Release|Any CPU.Build.0 = Release|Any CPU
		{7B8D1A45-43B6-4E78-A086-F783185607F1}.Debug|Any CPU.ActiveCfg = Debug|Any CPU
		{7B8D1A45-43B6-4E78-A086-F783185607F1}.Debug|Any CPU.Build.0 = Debug|Any CPU
		{7B8D1A45-43B6-4E78-A086-F783185607F1}.Release|Any CPU.ActiveCfg = Release|Any CPU
		{7B8D1A45-43B6-4E78-A086-F783185607F1}.Release|Any CPU.Build.0 = Release|Any CPU
		{09F51E34-4605-4051-A129-9C835BB55A99}.Debug|Any CPU.ActiveCfg = Debug|Any CPU
		{09F51E34-4605-4051-A129-9C835BB55A99}.Debug|Any CPU.Build.0 = Debug|Any CPU
		{09F51E34-4605-4051-A129-9C835BB55A99}.Release|Any CPU.ActiveCfg = Release|Any CPU
		{09F51E34-4605-4051-A129-9C835BB55A99}.Release|Any CPU.Build.0 = Release|Any CPU
	EndGlobalSection
	GlobalSection(SolutionProperties) = preSolution
		HideSolutionNode = FALSE
	EndGlobalSection
	GlobalSection(NestedProjects) = preSolution
		{0D9471B1-B246-45EB-BA6A-42E0E17C7E7E} = {FCAF1836-5280-4C14-A30F-B99F8DB99CE2}
		{5F1143F2-3B84-4610-AF6F-C3AA3AA6C16F} = {FCAF1836-5280-4C14-A30F-B99F8DB99CE2}
		{730703B3-CA9B-4E03-AB9E-2AD7BCAF11FE} = {FCAF1836-5280-4C14-A30F-B99F8DB99CE2}
		{8B4FD961-B2B2-45C7-9586-E6064E441ACD} = {FCAF1836-5280-4C14-A30F-B99F8DB99CE2}
		{DCD1360C-F991-4686-AD95-920126D09903} = {0D9471B1-B246-45EB-BA6A-42E0E17C7E7E}
		{4C721A12-EC4C-4888-AA87-8AF07CF7D749} = {0D9471B1-B246-45EB-BA6A-42E0E17C7E7E}
		{F95BF745-78F7-4B7D-8013-0A244766D4D6} = {0D9471B1-B246-45EB-BA6A-42E0E17C7E7E}
		{D4FBCEE9-18C4-414B-B0F0-FCA240EBFA21} = {5F1143F2-3B84-4610-AF6F-C3AA3AA6C16F}
		{5AAE193D-1B86-4606-9E3E-9055BF91C91A} = {730703B3-CA9B-4E03-AB9E-2AD7BCAF11FE}
		{50C57FE5-9D63-4D79-968F-274B3943BDCF} = {DCD1360C-F991-4686-AD95-920126D09903}
		{0FB27CF0-23E8-45F8-BAC9-9EA71EDFCC5A} = {DCD1360C-F991-4686-AD95-920126D09903}
		{D89D2A6C-4D49-4BCE-9FA9-582AB0E53359} = {4C721A12-EC4C-4888-AA87-8AF07CF7D749}
		{5C479A7F-45D3-4339-B12A-06D36B4841D0} = {F95BF745-78F7-4B7D-8013-0A244766D4D6}
		{03BCB9DF-78F3-44E2-AB8B-5177CFC771F0} = {8B4FD961-B2B2-45C7-9586-E6064E441ACD}
		{52F7DDDE-61F1-4D3C-9B62-0E37573E4571} = {8B4FD961-B2B2-45C7-9586-E6064E441ACD}
		{7B8D1A45-43B6-4E78-A086-F783185607F1} = {D4FBCEE9-18C4-414B-B0F0-FCA240EBFA21}
		{09F51E34-4605-4051-A129-9C835BB55A99} = {8B4FD961-B2B2-45C7-9586-E6064E441ACD}
	EndGlobalSection
	GlobalSection(ExtensibilityGlobals) = postSolution
		SolutionGuid = {E18E8853-6858-49C2-8A13-C870E06E4FCA}
	EndGlobalSection
EndGlobal
